// !$*UTF8*$!
{
	archiveVersion = 1;
	classes = {
	};
	objectVersion = 52;
	objects = {

/* Begin PBXBuildFile section */
		B41460FD256B598D00D2E1CE /* TLPhotoPicker in Frameworks */ = {isa = PBXBuildFile; productRef = B41460FC256B598D00D2E1CE /* TLPhotoPicker */; };
		B41B98A225585598007F7EE7 /* SignupView.swift in Sources */ = {isa = PBXBuildFile; fileRef = B41B98A125585598007F7EE7 /* SignupView.swift */; };
		B427C2B3255BC56200DB8C29 /* SettingsViewController.swift in Sources */ = {isa = PBXBuildFile; fileRef = B427C2B2255BC56200DB8C29 /* SettingsViewController.swift */; };
		B4315F6A253C313600858073 /* FeedActionTableViewCell.swift in Sources */ = {isa = PBXBuildFile; fileRef = B4315F66253C313600858073 /* FeedActionTableViewCell.swift */; };
		B4315F6B253C313600858073 /* FeedPostTableViewCell.swift in Sources */ = {isa = PBXBuildFile; fileRef = B4315F67253C313600858073 /* FeedPostTableViewCell.swift */; };
		B4315F6C253C313600858073 /* FeedHeaderTableViewCell.swift in Sources */ = {isa = PBXBuildFile; fileRef = B4315F68253C313600858073 /* FeedHeaderTableViewCell.swift */; };
		B4315F6D253C313600858073 /* FeedCommentTableViewCell.swift in Sources */ = {isa = PBXBuildFile; fileRef = B4315F69253C313600858073 /* FeedCommentTableViewCell.swift */; };
		B45C9B27256119AC009D8D52 /* Auth.swift in Sources */ = {isa = PBXBuildFile; fileRef = B45C9B26256119AC009D8D52 /* Auth.swift */; };
		B4660978253DE24D00EFC4FE /* MyCircleTableViewCell.swift in Sources */ = {isa = PBXBuildFile; fileRef = B4660977253DE24D00EFC4FE /* MyCircleTableViewCell.swift */; };
		B466097C253DE25B00EFC4FE /* FollowTableViewCell.swift in Sources */ = {isa = PBXBuildFile; fileRef = B466097B253DE25B00EFC4FE /* FollowTableViewCell.swift */; };
		B4684426253C1F35009D181A /* Circle.swift in Sources */ = {isa = PBXBuildFile; fileRef = B4684425253C1F35009D181A /* Circle.swift */; };
		B468442C253C2A2B009D181A /* CircleMember.swift in Sources */ = {isa = PBXBuildFile; fileRef = B468442B253C2A2B009D181A /* CircleMember.swift */; };
		B468442F253C2AA5009D181A /* Comment.swift in Sources */ = {isa = PBXBuildFile; fileRef = B468442E253C2AA5009D181A /* Comment.swift */; };
		B46F13CF256189F500C397BB /* ExploreTableViewCell.swift in Sources */ = {isa = PBXBuildFile; fileRef = B46F13CE256189F500C397BB /* ExploreTableViewCell.swift */; };
		B4725F1D2553068F00145B2F /* LoginView.swift in Sources */ = {isa = PBXBuildFile; fileRef = B4725F1C2553068F00145B2F /* LoginView.swift */; };
		B483A094256BFD3D00D15FA2 /* PostingPhotoCollectionViewCell.swift in Sources */ = {isa = PBXBuildFile; fileRef = B483A093256BFD3D00D15FA2 /* PostingPhotoCollectionViewCell.swift */; };
		B48AC15825487C2500669D8E /* UserInfoView.swift in Sources */ = {isa = PBXBuildFile; fileRef = B48AC15725487C2500669D8E /* UserInfoView.swift */; };
		B48AC16225489C5C00669D8E /* CommentViewController.swift in Sources */ = {isa = PBXBuildFile; fileRef = B48AC16125489C5C00669D8E /* CommentViewController.swift */; };
		B48AC16525489C7B00669D8E /* CircleViewController.swift in Sources */ = {isa = PBXBuildFile; fileRef = B48AC16425489C7B00669D8E /* CircleViewController.swift */; };
		B49308232569271D00C6A2E7 /* PhotoCollectionViewCell.swift in Sources */ = {isa = PBXBuildFile; fileRef = B49308222569271D00C6A2E7 /* PhotoCollectionViewCell.swift */; };
		B4A920DF254B3A6500C429D2 /* CirclePostTableViewCell.swift in Sources */ = {isa = PBXBuildFile; fileRef = B4A920DE254B3A6500C429D2 /* CirclePostTableViewCell.swift */; };
		B4A920E2254B3D2400C429D2 /* CircleHeaderView.swift in Sources */ = {isa = PBXBuildFile; fileRef = B4A920E1254B3D2400C429D2 /* CircleHeaderView.swift */; };
		B4A98799256AEA9A00F3DA77 /* PostingViewController.swift in Sources */ = {isa = PBXBuildFile; fileRef = B4A98798256AEA9A00F3DA77 /* PostingViewController.swift */; };
		B4C3176B256CEE7A00CE881E /* NothingToShow.swift in Sources */ = {isa = PBXBuildFile; fileRef = B4C3176A256CEE7A00CE881E /* NothingToShow.swift */; };
		B4DABAF8256A7AD500257DB3 /* CommentTableViewCell.swift in Sources */ = {isa = PBXBuildFile; fileRef = B4DABAF7256A7AD500257DB3 /* CommentTableViewCell.swift */; };
		B4EC06E52539CC930087F59D /* AppDelegate.swift in Sources */ = {isa = PBXBuildFile; fileRef = B4EC06E42539CC930087F59D /* AppDelegate.swift */; };
		B4EC06E72539CC930087F59D /* SceneDelegate.swift in Sources */ = {isa = PBXBuildFile; fileRef = B4EC06E62539CC930087F59D /* SceneDelegate.swift */; };
		B4EC06EC2539CC930087F59D /* Main.storyboard in Resources */ = {isa = PBXBuildFile; fileRef = B4EC06EA2539CC930087F59D /* Main.storyboard */; };
		B4EC06EE2539CC940087F59D /* Assets.xcassets in Resources */ = {isa = PBXBuildFile; fileRef = B4EC06ED2539CC940087F59D /* Assets.xcassets */; };
		B4EC06F12539CC940087F59D /* LaunchScreen.storyboard in Resources */ = {isa = PBXBuildFile; fileRef = B4EC06EF2539CC940087F59D /* LaunchScreen.storyboard */; };
		B4EC07012539D1F90087F59D /* HomeVC.swift in Sources */ = {isa = PBXBuildFile; fileRef = B4EC07002539D1F90087F59D /* HomeVC.swift */; };
		B4EC07042539D20D0087F59D /* ExploreVC.swift in Sources */ = {isa = PBXBuildFile; fileRef = B4EC07032539D20D0087F59D /* ExploreVC.swift */; };
		B4EC070A2539D2280087F59D /* MyPageVC.swift in Sources */ = {isa = PBXBuildFile; fileRef = B4EC07092539D2280087F59D /* MyPageVC.swift */; };
		B4EC070D2539D8860087F59D /* User.swift in Sources */ = {isa = PBXBuildFile; fileRef = B4EC070C2539D8860087F59D /* User.swift */; };
		B4EC07102539D8920087F59D /* Post.swift in Sources */ = {isa = PBXBuildFile; fileRef = B4EC070F2539D8920087F59D /* Post.swift */; };
		B4EC07282539E4700087F59D /* Extension.swift in Sources */ = {isa = PBXBuildFile; fileRef = B4EC07272539E4700087F59D /* Extension.swift */; };
		B4EC8CFC256793AC008EBE07 /* Photo.swift in Sources */ = {isa = PBXBuildFile; fileRef = B4EC8CFB256793AC008EBE07 /* Photo.swift */; };
		B4EC8D002567EED5008EBE07 /* SDWebImage in Frameworks */ = {isa = PBXBuildFile; productRef = B4EC8CFF2567EED5008EBE07 /* SDWebImage */; };
		B4FFD286254E9B3500C27E8E /* Alamofire in Frameworks */ = {isa = PBXBuildFile; productRef = B4FFD285254E9B3500C27E8E /* Alamofire */; };
		B4FFD28A254E9BAD00C27E8E /* SwiftyJSON in Frameworks */ = {isa = PBXBuildFile; productRef = B4FFD289254E9BAD00C27E8E /* SwiftyJSON */; };
		B4FFD28E254E9BEB00C27E8E /* LoginViewController.swift in Sources */ = {isa = PBXBuildFile; fileRef = B4FFD28D254E9BEB00C27E8E /* LoginViewController.swift */; };
		B4FFD291254E9C0200C27E8E /* SignUpViewController.swift in Sources */ = {isa = PBXBuildFile; fileRef = B4FFD290254E9C0200C27E8E /* SignUpViewController.swift */; };
/* End PBXBuildFile section */

/* Begin PBXFileReference section */
		B41B98A125585598007F7EE7 /* SignupView.swift */ = {isa = PBXFileReference; lastKnownFileType = sourcecode.swift; path = SignupView.swift; sourceTree = "<group>"; };
		B427C2B2255BC56200DB8C29 /* SettingsViewController.swift */ = {isa = PBXFileReference; lastKnownFileType = sourcecode.swift; path = SettingsViewController.swift; sourceTree = "<group>"; };
		B4315F66253C313600858073 /* FeedActionTableViewCell.swift */ = {isa = PBXFileReference; fileEncoding = 4; lastKnownFileType = sourcecode.swift; path = FeedActionTableViewCell.swift; sourceTree = "<group>"; };
		B4315F67253C313600858073 /* FeedPostTableViewCell.swift */ = {isa = PBXFileReference; fileEncoding = 4; lastKnownFileType = sourcecode.swift; path = FeedPostTableViewCell.swift; sourceTree = "<group>"; };
		B4315F68253C313600858073 /* FeedHeaderTableViewCell.swift */ = {isa = PBXFileReference; fileEncoding = 4; lastKnownFileType = sourcecode.swift; path = FeedHeaderTableViewCell.swift; sourceTree = "<group>"; };
		B4315F69253C313600858073 /* FeedCommentTableViewCell.swift */ = {isa = PBXFileReference; fileEncoding = 4; lastKnownFileType = sourcecode.swift; path = FeedCommentTableViewCell.swift; sourceTree = "<group>"; };
		B45C9B26256119AC009D8D52 /* Auth.swift */ = {isa = PBXFileReference; lastKnownFileType = sourcecode.swift; path = Auth.swift; sourceTree = "<group>"; };
		B4660977253DE24D00EFC4FE /* MyCircleTableViewCell.swift */ = {isa = PBXFileReference; lastKnownFileType = sourcecode.swift; path = MyCircleTableViewCell.swift; sourceTree = "<group>"; };
		B466097B253DE25B00EFC4FE /* FollowTableViewCell.swift */ = {isa = PBXFileReference; lastKnownFileType = sourcecode.swift; path = FollowTableViewCell.swift; sourceTree = "<group>"; };
		B4684425253C1F35009D181A /* Circle.swift */ = {isa = PBXFileReference; lastKnownFileType = sourcecode.swift; path = Circle.swift; sourceTree = "<group>"; };
		B468442B253C2A2B009D181A /* CircleMember.swift */ = {isa = PBXFileReference; lastKnownFileType = sourcecode.swift; path = CircleMember.swift; sourceTree = "<group>"; };
		B468442E253C2AA5009D181A /* Comment.swift */ = {isa = PBXFileReference; lastKnownFileType = sourcecode.swift; path = Comment.swift; sourceTree = "<group>"; };
		B46F13CE256189F500C397BB /* ExploreTableViewCell.swift */ = {isa = PBXFileReference; lastKnownFileType = sourcecode.swift; path = ExploreTableViewCell.swift; sourceTree = "<group>"; };
		B4725F1C2553068F00145B2F /* LoginView.swift */ = {isa = PBXFileReference; lastKnownFileType = sourcecode.swift; path = LoginView.swift; sourceTree = "<group>"; };
		B483A093256BFD3D00D15FA2 /* PostingPhotoCollectionViewCell.swift */ = {isa = PBXFileReference; lastKnownFileType = sourcecode.swift; path = PostingPhotoCollectionViewCell.swift; sourceTree = "<group>"; };
		B48AC15725487C2500669D8E /* UserInfoView.swift */ = {isa = PBXFileReference; lastKnownFileType = sourcecode.swift; path = UserInfoView.swift; sourceTree = "<group>"; };
		B48AC16125489C5C00669D8E /* CommentViewController.swift */ = {isa = PBXFileReference; lastKnownFileType = sourcecode.swift; path = CommentViewController.swift; sourceTree = "<group>"; };
		B48AC16425489C7B00669D8E /* CircleViewController.swift */ = {isa = PBXFileReference; lastKnownFileType = sourcecode.swift; path = CircleViewController.swift; sourceTree = "<group>"; };
		B49308222569271D00C6A2E7 /* PhotoCollectionViewCell.swift */ = {isa = PBXFileReference; lastKnownFileType = sourcecode.swift; path = PhotoCollectionViewCell.swift; sourceTree = "<group>"; };
		B4A920DE254B3A6500C429D2 /* CirclePostTableViewCell.swift */ = {isa = PBXFileReference; lastKnownFileType = sourcecode.swift; path = CirclePostTableViewCell.swift; sourceTree = "<group>"; };
		B4A920E1254B3D2400C429D2 /* CircleHeaderView.swift */ = {isa = PBXFileReference; lastKnownFileType = sourcecode.swift; path = CircleHeaderView.swift; sourceTree = "<group>"; };
		B4A98798256AEA9A00F3DA77 /* PostingViewController.swift */ = {isa = PBXFileReference; lastKnownFileType = sourcecode.swift; path = PostingViewController.swift; sourceTree = "<group>"; };
		B4C3176A256CEE7A00CE881E /* NothingToShow.swift */ = {isa = PBXFileReference; lastKnownFileType = sourcecode.swift; path = NothingToShow.swift; sourceTree = "<group>"; };
		B4DABAF7256A7AD500257DB3 /* CommentTableViewCell.swift */ = {isa = PBXFileReference; lastKnownFileType = sourcecode.swift; path = CommentTableViewCell.swift; sourceTree = "<group>"; };
		B4EC06E12539CC930087F59D /* Capstone Project.app */ = {isa = PBXFileReference; explicitFileType = wrapper.application; includeInIndex = 0; path = "Capstone Project.app"; sourceTree = BUILT_PRODUCTS_DIR; };
		B4EC06E42539CC930087F59D /* AppDelegate.swift */ = {isa = PBXFileReference; lastKnownFileType = sourcecode.swift; path = AppDelegate.swift; sourceTree = "<group>"; };
		B4EC06E62539CC930087F59D /* SceneDelegate.swift */ = {isa = PBXFileReference; lastKnownFileType = sourcecode.swift; path = SceneDelegate.swift; sourceTree = "<group>"; };
		B4EC06EB2539CC930087F59D /* Base */ = {isa = PBXFileReference; lastKnownFileType = file.storyboard; name = Base; path = Base.lproj/Main.storyboard; sourceTree = "<group>"; };
		B4EC06ED2539CC940087F59D /* Assets.xcassets */ = {isa = PBXFileReference; lastKnownFileType = folder.assetcatalog; path = Assets.xcassets; sourceTree = "<group>"; };
		B4EC06F02539CC940087F59D /* Base */ = {isa = PBXFileReference; lastKnownFileType = file.storyboard; name = Base; path = Base.lproj/LaunchScreen.storyboard; sourceTree = "<group>"; };
		B4EC06F22539CC940087F59D /* Info.plist */ = {isa = PBXFileReference; lastKnownFileType = text.plist.xml; path = Info.plist; sourceTree = "<group>"; };
		B4EC07002539D1F90087F59D /* HomeVC.swift */ = {isa = PBXFileReference; lastKnownFileType = sourcecode.swift; path = HomeVC.swift; sourceTree = "<group>"; };
		B4EC07032539D20D0087F59D /* ExploreVC.swift */ = {isa = PBXFileReference; lastKnownFileType = sourcecode.swift; path = ExploreVC.swift; sourceTree = "<group>"; };
		B4EC07092539D2280087F59D /* MyPageVC.swift */ = {isa = PBXFileReference; lastKnownFileType = sourcecode.swift; path = MyPageVC.swift; sourceTree = "<group>"; };
		B4EC070C2539D8860087F59D /* User.swift */ = {isa = PBXFileReference; lastKnownFileType = sourcecode.swift; path = User.swift; sourceTree = "<group>"; };
		B4EC070F2539D8920087F59D /* Post.swift */ = {isa = PBXFileReference; lastKnownFileType = sourcecode.swift; path = Post.swift; sourceTree = "<group>"; };
		B4EC07272539E4700087F59D /* Extension.swift */ = {isa = PBXFileReference; lastKnownFileType = sourcecode.swift; path = Extension.swift; sourceTree = "<group>"; };
		B4EC8CFB256793AC008EBE07 /* Photo.swift */ = {isa = PBXFileReference; lastKnownFileType = sourcecode.swift; path = Photo.swift; sourceTree = "<group>"; };
		B4FFD28D254E9BEB00C27E8E /* LoginViewController.swift */ = {isa = PBXFileReference; lastKnownFileType = sourcecode.swift; path = LoginViewController.swift; sourceTree = "<group>"; };
		B4FFD290254E9C0200C27E8E /* SignUpViewController.swift */ = {isa = PBXFileReference; lastKnownFileType = sourcecode.swift; path = SignUpViewController.swift; sourceTree = "<group>"; };
/* End PBXFileReference section */

/* Begin PBXFrameworksBuildPhase section */
		B4EC06DE2539CC930087F59D /* Frameworks */ = {
			isa = PBXFrameworksBuildPhase;
			buildActionMask = 2147483647;
			files = (
				B4EC8D002567EED5008EBE07 /* SDWebImage in Frameworks */,
				B41460FD256B598D00D2E1CE /* TLPhotoPicker in Frameworks */,
				B4FFD28A254E9BAD00C27E8E /* SwiftyJSON in Frameworks */,
				B4FFD286254E9B3500C27E8E /* Alamofire in Frameworks */,
			);
			runOnlyForDeploymentPostprocessing = 0;
		};
/* End PBXFrameworksBuildPhase section */

/* Begin PBXGroup section */
		B417560A25446F5F008BD497 /* MyPage */ = {
			isa = PBXGroup;
			children = (
				B48AC15725487C2500669D8E /* UserInfoView.swift */,
			);
			path = MyPage;
			sourceTree = "<group>";
		};
		B4660976253DE23800EFC4FE /* Follow */ = {
			isa = PBXGroup;
			children = (
				B4660977253DE24D00EFC4FE /* MyCircleTableViewCell.swift */,
				B466097B253DE25B00EFC4FE /* FollowTableViewCell.swift */,
			);
			path = Follow;
			sourceTree = "<group>";
		};
		B483A092256BFD2400D15FA2 /* PostingCell */ = {
			isa = PBXGroup;
			children = (
				B483A093256BFD3D00D15FA2 /* PostingPhotoCollectionViewCell.swift */,
			);
			path = PostingCell;
			sourceTree = "<group>";
		};
		B48AC15A25489BC800669D8E /* Comment */ = {
			isa = PBXGroup;
			children = (
				B4DABAF7256A7AD500257DB3 /* CommentTableViewCell.swift */,
			);
			path = Comment;
			sourceTree = "<group>";
		};
		B48AC16025489C5000669D8E /* Other */ = {
			isa = PBXGroup;
			children = (
				B48AC16125489C5C00669D8E /* CommentViewController.swift */,
				B48AC16425489C7B00669D8E /* CircleViewController.swift */,
				B4A98798256AEA9A00F3DA77 /* PostingViewController.swift */,
			);
			path = Other;
			sourceTree = "<group>";
		};
		B4A920D8254B354100C429D2 /* CircleCell */ = {
			isa = PBXGroup;
			children = (
				B4A920DE254B3A6500C429D2 /* CirclePostTableViewCell.swift */,
				B4A920E1254B3D2400C429D2 /* CircleHeaderView.swift */,
			);
			path = CircleCell;
			sourceTree = "<group>";
		};
		B4EC06D82539CC930087F59D = {
			isa = PBXGroup;
			children = (
				B4EC06E32539CC930087F59D /* Capstone Project */,
				B4EC06E22539CC930087F59D /* Products */,
			);
			sourceTree = "<group>";
		};
		B4EC06E22539CC930087F59D /* Products */ = {
			isa = PBXGroup;
			children = (
				B4EC06E12539CC930087F59D /* Capstone Project.app */,
			);
			name = Products;
			sourceTree = "<group>";
		};
		B4EC06E32539CC930087F59D /* Capstone Project */ = {
			isa = PBXGroup;
			children = (
				B4EC07262539E4600087F59D /* Resource */,
				B4EC06FB2539CCD70087F59D /* Controller */,
				B4EC06FA2539CCD20087F59D /* View */,
				B4EC06F92539CCCB0087F59D /* Model */,
				B4EC06E42539CC930087F59D /* AppDelegate.swift */,
				B4EC06E62539CC930087F59D /* SceneDelegate.swift */,
				B4EC06F22539CC940087F59D /* Info.plist */,
			);
			path = "Capstone Project";
			sourceTree = "<group>";
		};
		B4EC06F92539CCCB0087F59D /* Model */ = {
			isa = PBXGroup;
			children = (
				B45C9B26256119AC009D8D52 /* Auth.swift */,
				B4EC070C2539D8860087F59D /* User.swift */,
				B4684425253C1F35009D181A /* Circle.swift */,
				B468442B253C2A2B009D181A /* CircleMember.swift */,
				B4EC070F2539D8920087F59D /* Post.swift */,
				B468442E253C2AA5009D181A /* Comment.swift */,
				B4EC8CFB256793AC008EBE07 /* Photo.swift */,
			);
			path = Model;
			sourceTree = "<group>";
		};
		B4EC06FA2539CCD20087F59D /* View */ = {
			isa = PBXGroup;
			children = (
				B4C3176A256CEE7A00CE881E /* NothingToShow.swift */,
				B4725F1C2553068F00145B2F /* LoginView.swift */,
				B41B98A125585598007F7EE7 /* SignupView.swift */,
				B4EC07132539D9590087F59D /* Cell */,
				B4EC07122539D93C0087F59D /* Storyboard */,
				B4EC06ED2539CC940087F59D /* Assets.xcassets */,
			);
			path = View;
			sourceTree = "<group>";
		};
		B4EC06FB2539CCD70087F59D /* Controller */ = {
			isa = PBXGroup;
			children = (
				B4FFD28C254E9BCC00C27E8E /* User */,
				B48AC16025489C5000669D8E /* Other */,
				B4EC06FF2539D1D40087F59D /* MainViewController */,
			);
			path = Controller;
			sourceTree = "<group>";
		};
		B4EC06FF2539D1D40087F59D /* MainViewController */ = {
			isa = PBXGroup;
			children = (
				B4EC07002539D1F90087F59D /* HomeVC.swift */,
				B4EC07032539D20D0087F59D /* ExploreVC.swift */,
				B4EC07092539D2280087F59D /* MyPageVC.swift */,
			);
			path = MainViewController;
			sourceTree = "<group>";
		};
		B4EC07122539D93C0087F59D /* Storyboard */ = {
			isa = PBXGroup;
			children = (
				B4EC06EA2539CC930087F59D /* Main.storyboard */,
				B4EC06EF2539CC940087F59D /* LaunchScreen.storyboard */,
			);
			path = Storyboard;
			sourceTree = "<group>";
		};
		B4EC07132539D9590087F59D /* Cell */ = {
			isa = PBXGroup;
			children = (
				B483A092256BFD2400D15FA2 /* PostingCell */,
				B4A920D8254B354100C429D2 /* CircleCell */,
				B48AC15A25489BC800669D8E /* Comment */,
				B417560A25446F5F008BD497 /* MyPage */,
				B4660976253DE23800EFC4FE /* Follow */,
				B4EC07182539D9AB0087F59D /* Feed */,
				B46F13CE256189F500C397BB /* ExploreTableViewCell.swift */,
			);
			path = Cell;
			sourceTree = "<group>";
		};
		B4EC07182539D9AB0087F59D /* Feed */ = {
			isa = PBXGroup;
			children = (
				B4315F68253C313600858073 /* FeedHeaderTableViewCell.swift */,
				B4315F67253C313600858073 /* FeedPostTableViewCell.swift */,
				B4315F66253C313600858073 /* FeedActionTableViewCell.swift */,
				B4315F69253C313600858073 /* FeedCommentTableViewCell.swift */,
				B49308222569271D00C6A2E7 /* PhotoCollectionViewCell.swift */,
			);
			path = Feed;
			sourceTree = "<group>";
		};
		B4EC07262539E4600087F59D /* Resource */ = {
			isa = PBXGroup;
			children = (
				B4EC07272539E4700087F59D /* Extension.swift */,
			);
			path = Resource;
			sourceTree = "<group>";
		};
		B4FFD28C254E9BCC00C27E8E /* User */ = {
			isa = PBXGroup;
			children = (
				B4FFD28D254E9BEB00C27E8E /* LoginViewController.swift */,
				B4FFD290254E9C0200C27E8E /* SignUpViewController.swift */,
				B427C2B2255BC56200DB8C29 /* SettingsViewController.swift */,
			);
			path = User;
			sourceTree = "<group>";
		};
/* End PBXGroup section */

/* Begin PBXNativeTarget section */
		B4EC06E02539CC930087F59D /* Capstone Project */ = {
			isa = PBXNativeTarget;
			buildConfigurationList = B4EC06F52539CC940087F59D /* Build configuration list for PBXNativeTarget "Capstone Project" */;
			buildPhases = (
				B4EC06DD2539CC930087F59D /* Sources */,
				B4EC06DE2539CC930087F59D /* Frameworks */,
				B4EC06DF2539CC930087F59D /* Resources */,
			);
			buildRules = (
			);
			dependencies = (
			);
			name = "Capstone Project";
			packageProductDependencies = (
				B4FFD285254E9B3500C27E8E /* Alamofire */,
				B4FFD289254E9BAD00C27E8E /* SwiftyJSON */,
				B4EC8CFF2567EED5008EBE07 /* SDWebImage */,
				B41460FC256B598D00D2E1CE /* TLPhotoPicker */,
			);
			productName = "Capstone Project";
			productReference = B4EC06E12539CC930087F59D /* Capstone Project.app */;
			productType = "com.apple.product-type.application";
		};
/* End PBXNativeTarget section */

/* Begin PBXProject section */
		B4EC06D92539CC930087F59D /* Project object */ = {
			isa = PBXProject;
			attributes = {
				LastSwiftUpdateCheck = 1200;
				LastUpgradeCheck = 1200;
				TargetAttributes = {
					B4EC06E02539CC930087F59D = {
						CreatedOnToolsVersion = 12.0.1;
					};
				};
			};
			buildConfigurationList = B4EC06DC2539CC930087F59D /* Build configuration list for PBXProject "Capstone Project" */;
			compatibilityVersion = "Xcode 9.3";
			developmentRegion = en;
			hasScannedForEncodings = 0;
			knownRegions = (
				en,
				Base,
			);
			mainGroup = B4EC06D82539CC930087F59D;
			packageReferences = (
				B4FFD284254E9B3500C27E8E /* XCRemoteSwiftPackageReference "Alamofire" */,
				B4FFD288254E9BAD00C27E8E /* XCRemoteSwiftPackageReference "SwiftyJSON" */,
				B4EC8CFE2567EED5008EBE07 /* XCRemoteSwiftPackageReference "SDWebImage" */,
				B41460FB256B598D00D2E1CE /* XCRemoteSwiftPackageReference "TLPhotoPicker" */,
			);
			productRefGroup = B4EC06E22539CC930087F59D /* Products */;
			projectDirPath = "";
			projectRoot = "";
			targets = (
				B4EC06E02539CC930087F59D /* Capstone Project */,
			);
		};
/* End PBXProject section */

/* Begin PBXResourcesBuildPhase section */
		B4EC06DF2539CC930087F59D /* Resources */ = {
			isa = PBXResourcesBuildPhase;
			buildActionMask = 2147483647;
			files = (
				B4EC06F12539CC940087F59D /* LaunchScreen.storyboard in Resources */,
				B4EC06EE2539CC940087F59D /* Assets.xcassets in Resources */,
				B4EC06EC2539CC930087F59D /* Main.storyboard in Resources */,
			);
			runOnlyForDeploymentPostprocessing = 0;
		};
/* End PBXResourcesBuildPhase section */

/* Begin PBXSourcesBuildPhase section */
		B4EC06DD2539CC930087F59D /* Sources */ = {
			isa = PBXSourcesBuildPhase;
			buildActionMask = 2147483647;
			files = (
				B4C3176B256CEE7A00CE881E /* NothingToShow.swift in Sources */,
				B41B98A225585598007F7EE7 /* SignupView.swift in Sources */,
				B4A920DF254B3A6500C429D2 /* CirclePostTableViewCell.swift in Sources */,
				B4315F6D253C313600858073 /* FeedCommentTableViewCell.swift in Sources */,
				B4EC07012539D1F90087F59D /* HomeVC.swift in Sources */,
				B45C9B27256119AC009D8D52 /* Auth.swift in Sources */,
				B4EC070A2539D2280087F59D /* MyPageVC.swift in Sources */,
				B4EC06E52539CC930087F59D /* AppDelegate.swift in Sources */,
				B466097C253DE25B00EFC4FE /* FollowTableViewCell.swift in Sources */,
				B4A920E2254B3D2400C429D2 /* CircleHeaderView.swift in Sources */,
				B468442F253C2AA5009D181A /* Comment.swift in Sources */,
				B4725F1D2553068F00145B2F /* LoginView.swift in Sources */,
				B468442C253C2A2B009D181A /* CircleMember.swift in Sources */,
				B4EC07042539D20D0087F59D /* ExploreVC.swift in Sources */,
				B4EC06E72539CC930087F59D /* SceneDelegate.swift in Sources */,
				B4A98799256AEA9A00F3DA77 /* PostingViewController.swift in Sources */,
				B4315F6C253C313600858073 /* FeedHeaderTableViewCell.swift in Sources */,
				B4EC8CFC256793AC008EBE07 /* Photo.swift in Sources */,
				B4FFD28E254E9BEB00C27E8E /* LoginViewController.swift in Sources */,
				B483A094256BFD3D00D15FA2 /* PostingPhotoCollectionViewCell.swift in Sources */,
				B4684426253C1F35009D181A /* Circle.swift in Sources */,
				B46F13CF256189F500C397BB /* ExploreTableViewCell.swift in Sources */,
				B49308232569271D00C6A2E7 /* PhotoCollectionViewCell.swift in Sources */,
				B48AC16525489C7B00669D8E /* CircleViewController.swift in Sources */,
				B4DABAF8256A7AD500257DB3 /* CommentTableViewCell.swift in Sources */,
				B4315F6B253C313600858073 /* FeedPostTableViewCell.swift in Sources */,
				B48AC16225489C5C00669D8E /* CommentViewController.swift in Sources */,
				B4EC07282539E4700087F59D /* Extension.swift in Sources */,
				B4315F6A253C313600858073 /* FeedActionTableViewCell.swift in Sources */,
				B427C2B3255BC56200DB8C29 /* SettingsViewController.swift in Sources */,
				B4660978253DE24D00EFC4FE /* MyCircleTableViewCell.swift in Sources */,
				B4EC07102539D8920087F59D /* Post.swift in Sources */,
				B4EC070D2539D8860087F59D /* User.swift in Sources */,
				B4FFD291254E9C0200C27E8E /* SignUpViewController.swift in Sources */,
				B48AC15825487C2500669D8E /* UserInfoView.swift in Sources */,
			);
			runOnlyForDeploymentPostprocessing = 0;
		};
/* End PBXSourcesBuildPhase section */

/* Begin PBXVariantGroup section */
		B4EC06EA2539CC930087F59D /* Main.storyboard */ = {
			isa = PBXVariantGroup;
			children = (
				B4EC06EB2539CC930087F59D /* Base */,
			);
			name = Main.storyboard;
			sourceTree = "<group>";
		};
		B4EC06EF2539CC940087F59D /* LaunchScreen.storyboard */ = {
			isa = PBXVariantGroup;
			children = (
				B4EC06F02539CC940087F59D /* Base */,
			);
			name = LaunchScreen.storyboard;
			sourceTree = "<group>";
		};
/* End PBXVariantGroup section */

/* Begin XCBuildConfiguration section */
		B4EC06F32539CC940087F59D /* Debug */ = {
			isa = XCBuildConfiguration;
			buildSettings = {
				ALWAYS_SEARCH_USER_PATHS = NO;
				CLANG_ANALYZER_NONNULL = YES;
				CLANG_ANALYZER_NUMBER_OBJECT_CONVERSION = YES_AGGRESSIVE;
				CLANG_CXX_LANGUAGE_STANDARD = "gnu++14";
				CLANG_CXX_LIBRARY = "libc++";
				CLANG_ENABLE_MODULES = YES;
				CLANG_ENABLE_OBJC_ARC = YES;
				CLANG_ENABLE_OBJC_WEAK = YES;
				CLANG_WARN_BLOCK_CAPTURE_AUTORELEASING = YES;
				CLANG_WARN_BOOL_CONVERSION = YES;
				CLANG_WARN_COMMA = YES;
				CLANG_WARN_CONSTANT_CONVERSION = YES;
				CLANG_WARN_DEPRECATED_OBJC_IMPLEMENTATIONS = YES;
				CLANG_WARN_DIRECT_OBJC_ISA_USAGE = YES_ERROR;
				CLANG_WARN_DOCUMENTATION_COMMENTS = YES;
				CLANG_WARN_EMPTY_BODY = YES;
				CLANG_WARN_ENUM_CONVERSION = YES;
				CLANG_WARN_INFINITE_RECURSION = YES;
				CLANG_WARN_INT_CONVERSION = YES;
				CLANG_WARN_NON_LITERAL_NULL_CONVERSION = YES;
				CLANG_WARN_OBJC_IMPLICIT_RETAIN_SELF = YES;
				CLANG_WARN_OBJC_LITERAL_CONVERSION = YES;
				CLANG_WARN_OBJC_ROOT_CLASS = YES_ERROR;
				CLANG_WARN_QUOTED_INCLUDE_IN_FRAMEWORK_HEADER = YES;
				CLANG_WARN_RANGE_LOOP_ANALYSIS = YES;
				CLANG_WARN_STRICT_PROTOTYPES = YES;
				CLANG_WARN_SUSPICIOUS_MOVE = YES;
				CLANG_WARN_UNGUARDED_AVAILABILITY = YES_AGGRESSIVE;
				CLANG_WARN_UNREACHABLE_CODE = YES;
				CLANG_WARN__DUPLICATE_METHOD_MATCH = YES;
				COPY_PHASE_STRIP = NO;
				DEBUG_INFORMATION_FORMAT = dwarf;
				ENABLE_STRICT_OBJC_MSGSEND = YES;
				ENABLE_TESTABILITY = YES;
				GCC_C_LANGUAGE_STANDARD = gnu11;
				GCC_DYNAMIC_NO_PIC = NO;
				GCC_NO_COMMON_BLOCKS = YES;
				GCC_OPTIMIZATION_LEVEL = 0;
				GCC_PREPROCESSOR_DEFINITIONS = (
					"DEBUG=1",
					"$(inherited)",
				);
				GCC_WARN_64_TO_32_BIT_CONVERSION = YES;
				GCC_WARN_ABOUT_RETURN_TYPE = YES_ERROR;
				GCC_WARN_UNDECLARED_SELECTOR = YES;
				GCC_WARN_UNINITIALIZED_AUTOS = YES_AGGRESSIVE;
				GCC_WARN_UNUSED_FUNCTION = YES;
				GCC_WARN_UNUSED_VARIABLE = YES;
				IPHONEOS_DEPLOYMENT_TARGET = 14.0;
				MTL_ENABLE_DEBUG_INFO = INCLUDE_SOURCE;
				MTL_FAST_MATH = YES;
				ONLY_ACTIVE_ARCH = YES;
				SDKROOT = iphoneos;
				SWIFT_ACTIVE_COMPILATION_CONDITIONS = DEBUG;
				SWIFT_OPTIMIZATION_LEVEL = "-Onone";
			};
			name = Debug;
		};
		B4EC06F42539CC940087F59D /* Release */ = {
			isa = XCBuildConfiguration;
			buildSettings = {
				ALWAYS_SEARCH_USER_PATHS = NO;
				CLANG_ANALYZER_NONNULL = YES;
				CLANG_ANALYZER_NUMBER_OBJECT_CONVERSION = YES_AGGRESSIVE;
				CLANG_CXX_LANGUAGE_STANDARD = "gnu++14";
				CLANG_CXX_LIBRARY = "libc++";
				CLANG_ENABLE_MODULES = YES;
				CLANG_ENABLE_OBJC_ARC = YES;
				CLANG_ENABLE_OBJC_WEAK = YES;
				CLANG_WARN_BLOCK_CAPTURE_AUTORELEASING = YES;
				CLANG_WARN_BOOL_CONVERSION = YES;
				CLANG_WARN_COMMA = YES;
				CLANG_WARN_CONSTANT_CONVERSION = YES;
				CLANG_WARN_DEPRECATED_OBJC_IMPLEMENTATIONS = YES;
				CLANG_WARN_DIRECT_OBJC_ISA_USAGE = YES_ERROR;
				CLANG_WARN_DOCUMENTATION_COMMENTS = YES;
				CLANG_WARN_EMPTY_BODY = YES;
				CLANG_WARN_ENUM_CONVERSION = YES;
				CLANG_WARN_INFINITE_RECURSION = YES;
				CLANG_WARN_INT_CONVERSION = YES;
				CLANG_WARN_NON_LITERAL_NULL_CONVERSION = YES;
				CLANG_WARN_OBJC_IMPLICIT_RETAIN_SELF = YES;
				CLANG_WARN_OBJC_LITERAL_CONVERSION = YES;
				CLANG_WARN_OBJC_ROOT_CLASS = YES_ERROR;
				CLANG_WARN_QUOTED_INCLUDE_IN_FRAMEWORK_HEADER = YES;
				CLANG_WARN_RANGE_LOOP_ANALYSIS = YES;
				CLANG_WARN_STRICT_PROTOTYPES = YES;
				CLANG_WARN_SUSPICIOUS_MOVE = YES;
				CLANG_WARN_UNGUARDED_AVAILABILITY = YES_AGGRESSIVE;
				CLANG_WARN_UNREACHABLE_CODE = YES;
				CLANG_WARN__DUPLICATE_METHOD_MATCH = YES;
				COPY_PHASE_STRIP = NO;
				DEBUG_INFORMATION_FORMAT = "dwarf-with-dsym";
				ENABLE_NS_ASSERTIONS = NO;
				ENABLE_STRICT_OBJC_MSGSEND = YES;
				GCC_C_LANGUAGE_STANDARD = gnu11;
				GCC_NO_COMMON_BLOCKS = YES;
				GCC_WARN_64_TO_32_BIT_CONVERSION = YES;
				GCC_WARN_ABOUT_RETURN_TYPE = YES_ERROR;
				GCC_WARN_UNDECLARED_SELECTOR = YES;
				GCC_WARN_UNINITIALIZED_AUTOS = YES_AGGRESSIVE;
				GCC_WARN_UNUSED_FUNCTION = YES;
				GCC_WARN_UNUSED_VARIABLE = YES;
				IPHONEOS_DEPLOYMENT_TARGET = 14.0;
				MTL_ENABLE_DEBUG_INFO = NO;
				MTL_FAST_MATH = YES;
				SDKROOT = iphoneos;
				SWIFT_COMPILATION_MODE = wholemodule;
				SWIFT_OPTIMIZATION_LEVEL = "-O";
				VALIDATE_PRODUCT = YES;
			};
			name = Release;
		};
		B4EC06F62539CC940087F59D /* Debug */ = {
			isa = XCBuildConfiguration;
			buildSettings = {
				ASSETCATALOG_COMPILER_APPICON_NAME = AppIcon;
				ASSETCATALOG_COMPILER_GLOBAL_ACCENT_COLOR_NAME = AccentColor;
				CODE_SIGN_STYLE = Automatic;
				DEVELOPMENT_TEAM = SK9D9HK9A2;
				INFOPLIST_FILE = "Capstone Project/Info.plist";
				LD_RUNPATH_SEARCH_PATHS = (
					"$(inherited)",
					"@executable_path/Frameworks",
				);
				PRODUCT_BUNDLE_IDENTIFIER = "com.howift.Capstone-Project";
				PRODUCT_NAME = "$(TARGET_NAME)";
				SWIFT_VERSION = 5.0;
				TARGETED_DEVICE_FAMILY = "1,2";
			};
			name = Debug;
		};
		B4EC06F72539CC940087F59D /* Release */ = {
			isa = XCBuildConfiguration;
			buildSettings = {
				ASSETCATALOG_COMPILER_APPICON_NAME = AppIcon;
				ASSETCATALOG_COMPILER_GLOBAL_ACCENT_COLOR_NAME = AccentColor;
				CODE_SIGN_STYLE = Automatic;
				DEVELOPMENT_TEAM = SK9D9HK9A2;
				INFOPLIST_FILE = "Capstone Project/Info.plist";
				LD_RUNPATH_SEARCH_PATHS = (
					"$(inherited)",
					"@executable_path/Frameworks",
				);
				PRODUCT_BUNDLE_IDENTIFIER = "com.howift.Capstone-Project";
				PRODUCT_NAME = "$(TARGET_NAME)";
				SWIFT_VERSION = 5.0;
				TARGETED_DEVICE_FAMILY = "1,2";
			};
			name = Release;
		};
/* End XCBuildConfiguration section */

/* Begin XCConfigurationList section */
		B4EC06DC2539CC930087F59D /* Build configuration list for PBXProject "Capstone Project" */ = {
			isa = XCConfigurationList;
			buildConfigurations = (
				B4EC06F32539CC940087F59D /* Debug */,
				B4EC06F42539CC940087F59D /* Release */,
			);
			defaultConfigurationIsVisible = 0;
			defaultConfigurationName = Release;
		};
		B4EC06F52539CC940087F59D /* Build configuration list for PBXNativeTarget "Capstone Project" */ = {
			isa = XCConfigurationList;
			buildConfigurations = (
				B4EC06F62539CC940087F59D /* Debug */,
				B4EC06F72539CC940087F59D /* Release */,
			);
			defaultConfigurationIsVisible = 0;
			defaultConfigurationName = Release;
		};
/* End XCConfigurationList section */

/* Begin XCRemoteSwiftPackageReference section */
		B41460FB256B598D00D2E1CE /* XCRemoteSwiftPackageReference "TLPhotoPicker" */ = {
			isa = XCRemoteSwiftPackageReference;
			repositoryURL = "https://github.com/tilltue/TLPhotoPicker.git";
			requirement = {
				kind = upToNextMajorVersion;
				minimumVersion = 2.1.3;
			};
		};
		B4EC8CFE2567EED5008EBE07 /* XCRemoteSwiftPackageReference "SDWebImage" */ = {
			isa = XCRemoteSwiftPackageReference;
			repositoryURL = "https://github.com/SDWebImage/SDWebImage.git";
			requirement = {
				kind = upToNextMajorVersion;
				minimumVersion = 5.9.5;
			};
		};
		B4FFD284254E9B3500C27E8E /* XCRemoteSwiftPackageReference "Alamofire" */ = {
			isa = XCRemoteSwiftPackageReference;
			repositoryURL = "https://github.com/Alamofire/Alamofire.git";
			requirement = {
				kind = upToNextMajorVersion;
				minimumVersion = 5.3.0;
			};
		};
		B4FFD288254E9BAD00C27E8E /* XCRemoteSwiftPackageReference "SwiftyJSON" */ = {
			isa = XCRemoteSwiftPackageReference;
			repositoryURL = "https://github.com/SwiftyJSON/SwiftyJSON.git";
			requirement = {
				kind = upToNextMajorVersion;
				minimumVersion = 5.0.0;
			};
		};
/* End XCRemoteSwiftPackageReference section */

/* Begin XCSwiftPackageProductDependency section */
		B41460FC256B598D00D2E1CE /* TLPhotoPicker */ = {
			isa = XCSwiftPackageProductDependency;
			package = B41460FB256B598D00D2E1CE /* XCRemoteSwiftPackageReference "TLPhotoPicker" */;
			productName = TLPhotoPicker;
		};
		B4EC8CFF2567EED5008EBE07 /* SDWebImage */ = {
			isa = XCSwiftPackageProductDependency;
			package = B4EC8CFE2567EED5008EBE07 /* XCRemoteSwiftPackageReference "SDWebImage" */;
			productName = SDWebImage;
		};
		B4FFD285254E9B3500C27E8E /* Alamofire */ = {
			isa = XCSwiftPackageProductDependency;
			package = B4FFD284254E9B3500C27E8E /* XCRemoteSwiftPackageReference "Alamofire" */;
			productName = Alamofire;
		};
		B4FFD289254E9BAD00C27E8E /* SwiftyJSON */ = {
			isa = XCSwiftPackageProductDependency;
			package = B4FFD288254E9BAD00C27E8E /* XCRemoteSwiftPackageReference "SwiftyJSON" */;
			productName = SwiftyJSON;
		};
/* End XCSwiftPackageProductDependency section */
	};
	rootObject = B4EC06D92539CC930087F59D /* Project object */;
}
